Microsoft Visual Studio Solution File, Format Version 12.00
# Visual Studio Version 17
VisualStudioVersion = 17.5.2.0
MinimumVisualStudioVersion = 10.0.40219.1
Project("{FAE04EC0-301F-11D3-BF4B-00C04F79EFBC}") = "DockerProjeTest", "DockerProjeTest.csproj", "{4DBAB4D3-DED8-D719-B37B-F3066ED933BA}"
EndProject
Global
	GlobalSection(SolutionConfigurationPlatforms) = preSolution
		Debug|Any CPU = Debug|Any CPU
		Release|Any CPU = Release|Any CPU
	EndGlobalSection
	GlobalSection(ProjectConfigurationPlatforms) = postSolution
		{4DBAB4D3-DED8-D719-B37B-F3066ED933BA}.Debug|Any CPU.ActiveCfg = Debug|Any CPU
		{4DBAB4D3-DED8-D719-B37B-F3066ED933BA}.Debug|Any CPU.Build.0 = Debug|Any CPU
		{4DBAB4D3-DED8-D719-B37B-F3066ED933BA}.Release|Any CPU.ActiveCfg = Release|Any CPU
		{4DBAB4D3-DED8-D719-B37B-F3066ED933BA}.Release|Any CPU.Build.0 = Release|Any CPU
	EndGlobalSection
	GlobalSection(SolutionProperties) = preSolution
		HideSolutionNode = FALSE
	EndGlobalSection
	GlobalSection(ExtensibilityGlobals) = postSolution
		SolutionGuid = {24A9B3DB-D920-4755-BCF7-3059D0AF235B}
	EndGlobalSection
EndGlobal
